
Microsoft Visual Studio Solution File, Format Version 12.00
# Visual Studio 2012
Project("{FAE04EC0-301F-11D3-BF4B-00C04F79EFBC}") = "WS_Adobe_Gen", "WS_Adobe_Gen\WS_Adobe_Gen.csproj", "{BE1C3709-C85D-488A-BDF8-C4CC4CF66225}"
EndProject
Global
	GlobalSection(SolutionConfigurationPlatforms) = preSolution
		Debug|Any CPU = Debug|Any CPU
		Release|Any CPU = Release|Any CPU
	EndGlobalSection
	GlobalSection(ProjectConfigurationPlatforms) = postSolution
		{BE1C3709-C85D-488A-BDF8-C4CC4CF66225}.Debug|Any CPU.ActiveCfg = Debug|Any CPU
		{BE1C3709-C85D-488A-BDF8-C4CC4CF66225}.Debug|Any CPU.Build.0 = Debug|Any CPU
		{BE1C3709-C85D-488A-BDF8-C4CC4CF66225}.Release|Any CPU.ActiveCfg = Release|Any CPU
		{BE1C3709-C85D-488A-BDF8-C4CC4CF66225}.Release|Any CPU.Build.0 = Release|Any CPU
	EndGlobalSection
	GlobalSection(SolutionProperties) = preSolution
		HideSolutionNode = FALSE
	EndGlobalSection
EndGlobal
